
Microsoft Visual Studio Solution File, Format Version 12.00
# Visual Studio Version 16
VisualStudioVersion = 16.0.31105.61
MinimumVisualStudioVersion = 10.0.40219.1
Project("{2150E333-8FDC-42A3-9474-1A3956D46DE8}") = "Solution Items", "Solution Items", "{561DF3B4-DA06-401E-941D-F75BCC05398A}"
	ProjectSection(SolutionItems) = preProject
		ReadMe.md = ReadMe.md
	EndProjectSection
EndProject
Project("{FAE04EC0-301F-11D3-BF4B-00C04F79EFBC}") = "DaprWebApi", "DaprWebApi\DaprWebApi.csproj", "{E81BAE49-F3D5-4976-AE87-21779C3E1279}"
EndProject
Project("{FAE04EC0-301F-11D3-BF4B-00C04F79EFBC}") = "DaprConsoleClient", "DaprConsoleClient\DaprConsoleClient.csproj", "{CEFDD59E-16D9-4025-A607-B3FD45ED8348}"
EndProject
Global
	GlobalSection(SolutionConfigurationPlatforms) = preSolution
		Debug|Any CPU = Debug|Any CPU
		Release|Any CPU = Release|Any CPU
	EndGlobalSection
	GlobalSection(ProjectConfigurationPlatforms) = postSolution
		{E81BAE49-F3D5-4976-AE87-21779C3E1279}.Debug|Any CPU.ActiveCfg = Debug|Any CPU
		{E81BAE49-F3D5-4976-AE87-21779C3E1279}.Debug|Any CPU.Build.0 = Debug|Any CPU
		{E81BAE49-F3D5-4976-AE87-21779C3E1279}.Release|Any CPU.ActiveCfg = Release|Any CPU
		{E81BAE49-F3D5-4976-AE87-21779C3E1279}.Release|Any CPU.Build.0 = Release|Any CPU
		{CEFDD59E-16D9-4025-A607-B3FD45ED8348}.Debug|Any CPU.ActiveCfg = Debug|Any CPU
		{CEFDD59E-16D9-4025-A607-B3FD45ED8348}.Debug|Any CPU.Build.0 = Debug|Any CPU
		{CEFDD59E-16D9-4025-A607-B3FD45ED8348}.Release|Any CPU.ActiveCfg = Release|Any CPU
		{CEFDD59E-16D9-4025-A607-B3FD45ED8348}.Release|Any CPU.Build.0 = Release|Any CPU
	EndGlobalSection
	GlobalSection(SolutionProperties) = preSolution
		HideSolutionNode = FALSE
	EndGlobalSection
	GlobalSection(ExtensibilityGlobals) = postSolution
		SolutionGuid = {3D231A08-3C76-424E-B376-E5E008123A09}
	EndGlobalSection
EndGlobal
